
Microsoft Visual Studio Solution File, Format Version 12.00
# Visual Studio Version 16
VisualStudioVersion = 16.0.29926.136
MinimumVisualStudioVersion = 10.0.40219.1
Project("{FAE04EC0-301F-11D3-BF4B-00C04F79EFBC}") = "gfa", "gfa\gfa.csproj", "{7329DDBE-C3FD-44A4-87A7-B65A9ED6597D}"
EndProject
Global
	GlobalSection(SolutionConfigurationPlatforms) = preSolution
		Debug|Any CPU = Debug|Any CPU
		Release|Any CPU = Release|Any CPU
	EndGlobalSection
	GlobalSection(ProjectConfigurationPlatforms) = postSolution
		{7329DDBE-C3FD-44A4-87A7-B65A9ED6597D}.Debug|Any CPU.ActiveCfg = Debug|Any CPU
		{7329DDBE-C3FD-44A4-87A7-B65A9ED6597D}.Debug|Any CPU.Build.0 = Debug|Any CPU
		{7329DDBE-C3FD-44A4-87A7-B65A9ED6597D}.Release|Any CPU.ActiveCfg = Release|Any CPU
		{7329DDBE-C3FD-44A4-87A7-B65A9ED6597D}.Release|Any CPU.Build.0 = Release|Any CPU
	EndGlobalSection
	GlobalSection(SolutionProperties) = preSolution
		HideSolutionNode = FALSE
	EndGlobalSection
	GlobalSection(ExtensibilityGlobals) = postSolution
		SolutionGuid = {399F62AB-8A73-4E42-8C1C-41B84616907F}
	EndGlobalSection
EndGlobal
