
Microsoft Visual Studio Solution File, Format Version 12.00
# Visual Studio Version 16
VisualStudioVersion = 16.0.29926.136
MinimumVisualStudioVersion = 10.0.40219.1
Project("{FAE04EC0-301F-11D3-BF4B-00C04F79EFBC}") = "ChatApp", "ChatApp\ChatApp.csproj", "{FF920594-7186-40FD-A34A-0548A8544C4D}"
EndProject
Global
	GlobalSection(SolutionConfigurationPlatforms) = preSolution
		Debug|Any CPU = Debug|Any CPU
		Release|Any CPU = Release|Any CPU
	EndGlobalSection
	GlobalSection(ProjectConfigurationPlatforms) = postSolution
		{FF920594-7186-40FD-A34A-0548A8544C4D}.Debug|Any CPU.ActiveCfg = Debug|Any CPU
		{FF920594-7186-40FD-A34A-0548A8544C4D}.Debug|Any CPU.Build.0 = Debug|Any CPU
		{FF920594-7186-40FD-A34A-0548A8544C4D}.Release|Any CPU.ActiveCfg = Release|Any CPU
		{FF920594-7186-40FD-A34A-0548A8544C4D}.Release|Any CPU.Build.0 = Release|Any CPU
	EndGlobalSection
	GlobalSection(SolutionProperties) = preSolution
		HideSolutionNode = FALSE
	EndGlobalSection
	GlobalSection(ExtensibilityGlobals) = postSolution
		SolutionGuid = {B6916AC3-176D-42CF-8422-FAE7BE78806E}
	EndGlobalSection
EndGlobal
