
Microsoft Visual Studio Solution File, Format Version 12.00
# Visual Studio Version 16
VisualStudioVersion = 16.0.29926.136
MinimumVisualStudioVersion = 10.0.40219.1
Project("{FAE04EC0-301F-11D3-BF4B-00C04F79EFBC}") = "FoxClub", "FoxClub\FoxClub.csproj", "{94764B10-8C28-4F08-89F9-A3403C7BFC36}"
EndProject
Global
	GlobalSection(SolutionConfigurationPlatforms) = preSolution
		Debug|Any CPU = Debug|Any CPU
		Release|Any CPU = Release|Any CPU
	EndGlobalSection
	GlobalSection(ProjectConfigurationPlatforms) = postSolution
		{94764B10-8C28-4F08-89F9-A3403C7BFC36}.Debug|Any CPU.ActiveCfg = Debug|Any CPU
		{94764B10-8C28-4F08-89F9-A3403C7BFC36}.Debug|Any CPU.Build.0 = Debug|Any CPU
		{94764B10-8C28-4F08-89F9-A3403C7BFC36}.Release|Any CPU.ActiveCfg = Release|Any CPU
		{94764B10-8C28-4F08-89F9-A3403C7BFC36}.Release|Any CPU.Build.0 = Release|Any CPU
	EndGlobalSection
	GlobalSection(SolutionProperties) = preSolution
		HideSolutionNode = FALSE
	EndGlobalSection
	GlobalSection(ExtensibilityGlobals) = postSolution
		SolutionGuid = {CCE1329A-0763-491B-8B6D-D89BDF117098}
	EndGlobalSection
EndGlobal
