
Microsoft Visual Studio Solution File, Format Version 12.00
# Visual Studio Version 16
VisualStudioVersion = 16.0.29806.167
MinimumVisualStudioVersion = 10.0.40219.1
Project("{FAE04EC0-301F-11D3-BF4B-00C04F79EFBC}") = "dice_set", "dice_set\dice_set.csproj", "{EDE8A870-800A-45C5-9D08-59D3436D8DDB}"
EndProject
Global
	GlobalSection(SolutionConfigurationPlatforms) = preSolution
		Debug|Any CPU = Debug|Any CPU
		Release|Any CPU = Release|Any CPU
	EndGlobalSection
	GlobalSection(ProjectConfigurationPlatforms) = postSolution
		{EDE8A870-800A-45C5-9D08-59D3436D8DDB}.Debug|Any CPU.ActiveCfg = Debug|Any CPU
		{EDE8A870-800A-45C5-9D08-59D3436D8DDB}.Debug|Any CPU.Build.0 = Debug|Any CPU
		{EDE8A870-800A-45C5-9D08-59D3436D8DDB}.Release|Any CPU.ActiveCfg = Release|Any CPU
		{EDE8A870-800A-45C5-9D08-59D3436D8DDB}.Release|Any CPU.Build.0 = Release|Any CPU
	EndGlobalSection
	GlobalSection(SolutionProperties) = preSolution
		HideSolutionNode = FALSE
	EndGlobalSection
	GlobalSection(ExtensibilityGlobals) = postSolution
		SolutionGuid = {9E9893B4-14C8-4865-9334-BA3D173BA205}
	EndGlobalSection
EndGlobal
