
Microsoft Visual Studio Solution File, Format Version 12.00
# Visual Studio Version 16
VisualStudioVersion = 16.0.29806.167
MinimumVisualStudioVersion = 10.0.40219.1
Project("{FAE04EC0-301F-11D3-BF4B-00C04F79EFBC}") = "anagram_test", "anagram_test\anagram_test.csproj", "{673BEC6D-E70B-45AF-B6E3-10DE6FAFE8DC}"
EndProject
Global
	GlobalSection(SolutionConfigurationPlatforms) = preSolution
		Debug|Any CPU = Debug|Any CPU
		Release|Any CPU = Release|Any CPU
	EndGlobalSection
	GlobalSection(ProjectConfigurationPlatforms) = postSolution
		{673BEC6D-E70B-45AF-B6E3-10DE6FAFE8DC}.Debug|Any CPU.ActiveCfg = Debug|Any CPU
		{673BEC6D-E70B-45AF-B6E3-10DE6FAFE8DC}.Debug|Any CPU.Build.0 = Debug|Any CPU
		{673BEC6D-E70B-45AF-B6E3-10DE6FAFE8DC}.Release|Any CPU.ActiveCfg = Release|Any CPU
		{673BEC6D-E70B-45AF-B6E3-10DE6FAFE8DC}.Release|Any CPU.Build.0 = Release|Any CPU
	EndGlobalSection
	GlobalSection(SolutionProperties) = preSolution
		HideSolutionNode = FALSE
	EndGlobalSection
	GlobalSection(ExtensibilityGlobals) = postSolution
		SolutionGuid = {DE5D51BC-B1CA-4AE0-80D3-60BEF72ED2B5}
	EndGlobalSection
EndGlobal
