
Microsoft Visual Studio Solution File, Format Version 12.00
# Visual Studio Version 16
VisualStudioVersion = 16.0.29926.136
MinimumVisualStudioVersion = 10.0.40219.1
Project("{FAE04EC0-301F-11D3-BF4B-00C04F79EFBC}") = "Bank-of-Simba", "Bank-of-Simba\Bank-of-Simba.csproj", "{6B519760-822A-4A76-8522-2565D4894E4A}"
EndProject
Global
	GlobalSection(SolutionConfigurationPlatforms) = preSolution
		Debug|Any CPU = Debug|Any CPU
		Release|Any CPU = Release|Any CPU
	EndGlobalSection
	GlobalSection(ProjectConfigurationPlatforms) = postSolution
		{6B519760-822A-4A76-8522-2565D4894E4A}.Debug|Any CPU.ActiveCfg = Debug|Any CPU
		{6B519760-822A-4A76-8522-2565D4894E4A}.Debug|Any CPU.Build.0 = Debug|Any CPU
		{6B519760-822A-4A76-8522-2565D4894E4A}.Release|Any CPU.ActiveCfg = Release|Any CPU
		{6B519760-822A-4A76-8522-2565D4894E4A}.Release|Any CPU.Build.0 = Release|Any CPU
	EndGlobalSection
	GlobalSection(SolutionProperties) = preSolution
		HideSolutionNode = FALSE
	EndGlobalSection
	GlobalSection(ExtensibilityGlobals) = postSolution
		SolutionGuid = {ED49433E-ADCC-496C-B138-332091E73A6C}
	EndGlobalSection
EndGlobal
