
Microsoft Visual Studio Solution File, Format Version 12.00
# Visual Studio Version 16
VisualStudioVersion = 16.0.29806.167
MinimumVisualStudioVersion = 10.0.40219.1
Project("{FAE04EC0-301F-11D3-BF4B-00C04F79EFBC}") = "RainbowBoxes", "RainbowBoxes\RainbowBoxes.csproj", "{600E303E-49E8-4B7E-99A9-600F4CCFDBB2}"
EndProject
Global
	GlobalSection(SolutionConfigurationPlatforms) = preSolution
		Debug|Any CPU = Debug|Any CPU
		Release|Any CPU = Release|Any CPU
	EndGlobalSection
	GlobalSection(ProjectConfigurationPlatforms) = postSolution
		{600E303E-49E8-4B7E-99A9-600F4CCFDBB2}.Debug|Any CPU.ActiveCfg = Debug|Any CPU
		{600E303E-49E8-4B7E-99A9-600F4CCFDBB2}.Debug|Any CPU.Build.0 = Debug|Any CPU
		{600E303E-49E8-4B7E-99A9-600F4CCFDBB2}.Release|Any CPU.ActiveCfg = Release|Any CPU
		{600E303E-49E8-4B7E-99A9-600F4CCFDBB2}.Release|Any CPU.Build.0 = Release|Any CPU
	EndGlobalSection
	GlobalSection(SolutionProperties) = preSolution
		HideSolutionNode = FALSE
	EndGlobalSection
	GlobalSection(ExtensibilityGlobals) = postSolution
		SolutionGuid = {C271B68E-DDD0-4B3A-BA8F-D976211B363A}
	EndGlobalSection
EndGlobal
