
Microsoft Visual Studio Solution File, Format Version 12.00
# Visual Studio Version 16
VisualStudioVersion = 16.0.29806.167
MinimumVisualStudioVersion = 10.0.40219.1
Project("{FAE04EC0-301F-11D3-BF4B-00C04F79EFBC}") = "FindPartOfAnInteger", "FindPartOfAnInteger\FindPartOfAnInteger.csproj", "{5002F0B7-4D8A-4543-8F98-EA1F25864213}"
EndProject
Global
	GlobalSection(SolutionConfigurationPlatforms) = preSolution
		Debug|Any CPU = Debug|Any CPU
		Release|Any CPU = Release|Any CPU
	EndGlobalSection
	GlobalSection(ProjectConfigurationPlatforms) = postSolution
		{5002F0B7-4D8A-4543-8F98-EA1F25864213}.Debug|Any CPU.ActiveCfg = Debug|Any CPU
		{5002F0B7-4D8A-4543-8F98-EA1F25864213}.Debug|Any CPU.Build.0 = Debug|Any CPU
		{5002F0B7-4D8A-4543-8F98-EA1F25864213}.Release|Any CPU.ActiveCfg = Release|Any CPU
		{5002F0B7-4D8A-4543-8F98-EA1F25864213}.Release|Any CPU.Build.0 = Release|Any CPU
	EndGlobalSection
	GlobalSection(SolutionProperties) = preSolution
		HideSolutionNode = FALSE
	EndGlobalSection
	GlobalSection(ExtensibilityGlobals) = postSolution
		SolutionGuid = {5CEF49BC-E225-4E25-98F9-426C1DC80581}
	EndGlobalSection
EndGlobal
