
Microsoft Visual Studio Solution File, Format Version 12.00
# Visual Studio Version 16
VisualStudioVersion = 16.0.29806.167
MinimumVisualStudioVersion = 10.0.40219.1
Project("{FAE04EC0-301F-11D3-BF4B-00C04F79EFBC}") = "MapIntroduction2", "MapIntroduction2\MapIntroduction2.csproj", "{CCD08B18-07A2-4E96-9B9A-A49C30649BA7}"
EndProject
Global
	GlobalSection(SolutionConfigurationPlatforms) = preSolution
		Debug|Any CPU = Debug|Any CPU
		Release|Any CPU = Release|Any CPU
	EndGlobalSection
	GlobalSection(ProjectConfigurationPlatforms) = postSolution
		{CCD08B18-07A2-4E96-9B9A-A49C30649BA7}.Debug|Any CPU.ActiveCfg = Debug|Any CPU
		{CCD08B18-07A2-4E96-9B9A-A49C30649BA7}.Debug|Any CPU.Build.0 = Debug|Any CPU
		{CCD08B18-07A2-4E96-9B9A-A49C30649BA7}.Release|Any CPU.ActiveCfg = Release|Any CPU
		{CCD08B18-07A2-4E96-9B9A-A49C30649BA7}.Release|Any CPU.Build.0 = Release|Any CPU
	EndGlobalSection
	GlobalSection(SolutionProperties) = preSolution
		HideSolutionNode = FALSE
	EndGlobalSection
	GlobalSection(ExtensibilityGlobals) = postSolution
		SolutionGuid = {BA5DF6A8-E64E-4097-84B1-3FDDCE2B1A32}
	EndGlobalSection
EndGlobal
