
Microsoft Visual Studio Solution File, Format Version 12.00
# Visual Studio Version 16
VisualStudioVersion = 16.0.29806.167
MinimumVisualStudioVersion = 10.0.40219.1
Project("{FAE04EC0-301F-11D3-BF4B-00C04F79EFBC}") = "guess-the-number", "guess-the-number\guess-the-number.csproj", "{40625011-551A-4A69-BDA5-40CD98D9ADB2}"
EndProject
Global
	GlobalSection(SolutionConfigurationPlatforms) = preSolution
		Debug|Any CPU = Debug|Any CPU
		Release|Any CPU = Release|Any CPU
	EndGlobalSection
	GlobalSection(ProjectConfigurationPlatforms) = postSolution
		{40625011-551A-4A69-BDA5-40CD98D9ADB2}.Debug|Any CPU.ActiveCfg = Debug|Any CPU
		{40625011-551A-4A69-BDA5-40CD98D9ADB2}.Debug|Any CPU.Build.0 = Debug|Any CPU
		{40625011-551A-4A69-BDA5-40CD98D9ADB2}.Release|Any CPU.ActiveCfg = Release|Any CPU
		{40625011-551A-4A69-BDA5-40CD98D9ADB2}.Release|Any CPU.Build.0 = Release|Any CPU
	EndGlobalSection
	GlobalSection(SolutionProperties) = preSolution
		HideSolutionNode = FALSE
	EndGlobalSection
	GlobalSection(ExtensibilityGlobals) = postSolution
		SolutionGuid = {13504B41-6705-400E-9B52-730C648E6D1B}
	EndGlobalSection
EndGlobal
